# THIS IS AN AUTOGENERATED FILE. DO NOT EDIT THIS FILE DIRECTLY.
# yarn lockfile v1


bmp-js@^0.1.0:
  version "0.1.0"
  resolved "https://registry.yarnpkg.com/bmp-js/-/bmp-js-0.1.0.tgz#e05a63f796a6c1ff25f4771ec7adadc148c07233"
  integrity sha512-vHdS19CnY3hwiNdkaqk93DvjVLfbEcI8mys4UjuWrlX1haDmroo8o4xCzh4wD6DGV6HxRCyauwhHRqMTfERtjw==

denque@^2.1.0:
  version "2.1.0"
  resolved "https://registry.yarnpkg.com/denque/-/denque-2.1.0.tgz#e93e1a6569fb5e66f16a3c2a2964617d349d6ab1"
  integrity sha512-HVQE3AAb/pxF8fQAoiqpvg9i3evqug3hoiwakOyZAwJm+6vZehbkYXZ0l4JxS+I3QxM97v5aaRNhj8v5oBhekw==

generate-function@^2.3.1:
  version "2.3.1"
  resolved "https://registry.yarnpkg.com/generate-function/-/generate-function-2.3.1.tgz#f069617690c10c868e73b8465746764f97c3479f"
  integrity sha512-eeB5GfMNeevm/GRYq20ShmsaGcmI81kIX2K9XQx5miC8KdHaC6Jm0qQ8ZNeGOi7wYB8OsdxKs+Y2oVuTFuVwKQ==
  dependencies:
    is-property "^1.0.2"

iconv-lite@^0.6.3:
  version "0.6.3"
  resolved "https://registry.yarnpkg.com/iconv-lite/-/iconv-lite-0.6.3.tgz#a52f80bf38da1952eb5c681790719871a1a72501"
  integrity sha512-4fCk79wshMdzMp2rH06qWrJE4iolqLhCUH+OiuIgU++RB0+94NlDL81atO7GX55uUKueo0txHNtvEyI6D7WdMw==
  dependencies:
    safer-buffer ">= 2.1.2 < 3.0.0"

idb-keyval@^6.2.0:
  version "6.2.1"
  resolved "https://registry.yarnpkg.com/idb-keyval/-/idb-keyval-6.2.1.tgz#94516d625346d16f56f3b33855da11bfded2db33"
  integrity sha512-8Sb3veuYCyrZL+VBt9LJfZjLUPWVvqn8tG28VqYNFCo43KHcKuq+b4EiXGeuaLAQWL2YmyDgMp2aSpH9JHsEQg==

is-electron@^2.2.2:
  version "2.2.2"
  resolved "https://registry.yarnpkg.com/is-electron/-/is-electron-2.2.2.tgz#3778902a2044d76de98036f5dc58089ac4d80bb9"
  integrity sha512-FO/Rhvz5tuw4MCWkpMzHFKWD2LsfHzIb7i6MdPYZ/KW7AlxawyLkqdy+jPZP1WubqEADE3O4FUENlJHDfQASRg==

is-property@^1.0.2:
  version "1.0.2"
  resolved "https://registry.yarnpkg.com/is-property/-/is-property-1.0.2.tgz#57fe1c4e48474edd65b09911f26b1cd4095dda84"
  integrity sha512-Ks/IoX00TtClbGQr4TWXemAnktAQvYB7HzcCxDGqEZU6oCmb2INHuOoKxbtR+HFkmYWBKv/dOZtGRiAjDhj92g==

is-url@^1.2.4:
  version "1.2.4"
  resolved "https://registry.yarnpkg.com/is-url/-/is-url-1.2.4.tgz#04a4df46d28c4cff3d73d01ff06abeb318a1aa52"
  integrity sha512-ITvGim8FhRiYe4IQ5uHSkj7pVaPDrCTkNd3yq3cV7iZAcJdHTUMPMEHcqSOy9xZ9qFenQCvi+2wjH9a1nXqHww==

long@^5.2.1:
  version "5.2.3"
  resolved "https://registry.yarnpkg.com/long/-/long-5.2.3.tgz#a3ba97f3877cf1d778eccbcb048525ebb77499e1"
  integrity sha512-lcHwpNoggQTObv5apGNCTdJrO69eHOZMi4BNC+rTLER8iHAqGrUVeLh/irVIM7zTw2bOXA8T6uNPeujwOLg/2Q==

lru-cache@^7.14.1:
  version "7.18.3"
  resolved "https://registry.yarnpkg.com/lru-cache/-/lru-cache-7.18.3.tgz#f793896e0fd0e954a59dfdd82f0773808df6aa89"
  integrity sha512-jumlc0BIUrS3qJGgIkWZsyfAM7NCWiBcCDhnd+3NNM5KbBmLTgHVfWBcg6W+rLUsIpzpERPsvwUP7CckAQSOoA==

lru-cache@^8.0.0:
  version "8.0.5"
  resolved "https://registry.yarnpkg.com/lru-cache/-/lru-cache-8.0.5.tgz#983fe337f3e176667f8e567cfcce7cb064ea214e"
  integrity sha512-MhWWlVnuab1RG5/zMRRcVGXZLCXrZTgfwMikgzCegsPnG62yDQo5JnqKkrK4jO5iKqDAZGItAqN5CtKBCBWRUA==

mrz@^3.4.0:
  version "3.4.1"
  resolved "https://registry.yarnpkg.com/mrz/-/mrz-3.4.1.tgz#e6269df733e35dd6dd194b5c537cf0ed97c97399"
  integrity sha512-dmzGaj2e9Xo9K0lx1rtjOlSRuYJfZWENSWnCF2TakIFEjrTJsH5ZJTPXqfKQkoR+mVmTdcFqcyIPyCO+K7tijg==

mysql2@^3.6.2:
  version "3.6.2"
  resolved "https://registry.yarnpkg.com/mysql2/-/mysql2-3.6.2.tgz#be2eeba80c5167ffb856c48d61be5ac0e5ef6c09"
  integrity sha512-m5erE6bMoWfPXW1D5UrVwlT8PowAoSX69KcZzPuARQ3wY1RJ52NW9PdvdPo076XiSIkQ5IBTis7hxdlrQTlyug==
  dependencies:
    denque "^2.1.0"
    generate-function "^2.3.1"
    iconv-lite "^0.6.3"
    long "^5.2.1"
    lru-cache "^8.0.0"
    named-placeholders "^1.1.3"
    seq-queue "^0.0.5"
    sqlstring "^2.3.2"

named-placeholders@^1.1.3:
  version "1.1.3"
  resolved "https://registry.yarnpkg.com/named-placeholders/-/named-placeholders-1.1.3.tgz#df595799a36654da55dda6152ba7a137ad1d9351"
  integrity sha512-eLoBxg6wE/rZkJPhU/xRX1WTpkFEwDJEN96oxFrTsqBdbT5ec295Q+CoHrL9IT0DipqKhmGcaZmwOt8OON5x1w==
  dependencies:
    lru-cache "^7.14.1"

node-fetch@^2.6.9:
  version "2.7.0"
  resolved "https://registry.yarnpkg.com/node-fetch/-/node-fetch-2.7.0.tgz#d0f0fa6e3e2dc1d27efcd8ad99d550bda94d187d"
  integrity sha512-c4FRfUm/dbcWZ7U+1Wq0AwCyFL+3nt2bEw05wfxSz+DWpWsitgmSgYmy2dQdWyKC1694ELPqMs/YzUSNozLt8A==
  dependencies:
    whatwg-url "^5.0.0"

opencollective-postinstall@^2.0.3:
  version "2.0.3"
  resolved "https://registry.yarnpkg.com/opencollective-postinstall/-/opencollective-postinstall-2.0.3.tgz#7a0fff978f6dbfa4d006238fbac98ed4198c3259"
  integrity sha512-8AV/sCtuzUeTo8gQK5qDZzARrulB3egtLzFgteqB2tcT4Mw7B8Kt7JcDHmltjz6FOAHsvTevk70gZEbhM4ZS9Q==

regenerator-runtime@^0.13.3:
  version "0.13.11"
  resolved "https://registry.yarnpkg.com/regenerator-runtime/-/regenerator-runtime-0.13.11.tgz#f6dca3e7ceec20590d07ada785636a90cdca17f9"
  integrity sha512-kY1AZVr2Ra+t+piVaJ4gxaFaReZVH40AKNo7UCX6W+dEwBo/2oZJzqfuN1qLq1oL45o56cPaTXELwrTh8Fpggg==

"safer-buffer@>= 2.1.2 < 3.0.0":
  version "2.1.2"
  resolved "https://registry.yarnpkg.com/safer-buffer/-/safer-buffer-2.1.2.tgz#44fa161b0187b9549dd84bb91802f9bd8385cd6a"
  integrity sha512-YZo3K82SD7Riyi0E1EQPojLz7kpepnSQI9IyPbHHg1XXXevb5dJI7tpyN2ADxGcQbHG7vcyRHk0cbwqcQriUtg==

seq-queue@^0.0.5:
  version "0.0.5"
  resolved "https://registry.yarnpkg.com/seq-queue/-/seq-queue-0.0.5.tgz#d56812e1c017a6e4e7c3e3a37a1da6d78dd3c93e"
  integrity sha512-hr3Wtp/GZIc/6DAGPDcV4/9WoZhjrkXsi5B/07QgX8tsdc6ilr7BFM6PM6rbdAX1kFSDYeZGLipIZZKyQP0O5Q==

sqlstring@^2.3.2:
  version "2.3.3"
  resolved "https://registry.yarnpkg.com/sqlstring/-/sqlstring-2.3.3.tgz#2ddc21f03bce2c387ed60680e739922c65751d0c"
  integrity sha512-qC9iz2FlN7DQl3+wjwn3802RTyjCx7sDvfQEXchwa6CWOx07/WVfh91gBmQ9fahw8snwGEWU3xGzOt4tFyHLxg==

tesseract.js-core@^5.0.0:
  version "5.0.0"
  resolved "https://registry.yarnpkg.com/tesseract.js-core/-/tesseract.js-core-5.0.0.tgz#159089b2e8a8c6b1f285134b1f7da6fc56914225"
  integrity sha512-lJur5LzjinW5VYMKlVNnBU2JPLpO+A9VqAYBeuV+ZgH0hKvsnm+536Yyp+/zRTBdLe7D6Kok0FN9g+TE4J8qGA==

tesseract.js@^5.0.3:
  version "5.0.3"
  resolved "https://registry.yarnpkg.com/tesseract.js/-/tesseract.js-5.0.3.tgz#e1e4d36f764a1ac09014f1f7fef5132149b68c9a"
  integrity sha512-UcEaIRQ+KSjxl57SS2WQgnac8hON0uJgqR6418MYLBeFPGqrAooNwcKVIoSVCzflO3CxTKPg5Ic7z7JuW7wOGA==
  dependencies:
    bmp-js "^0.1.0"
    idb-keyval "^6.2.0"
    is-electron "^2.2.2"
    is-url "^1.2.4"
    node-fetch "^2.6.9"
    opencollective-postinstall "^2.0.3"
    regenerator-runtime "^0.13.3"
    tesseract.js-core "^5.0.0"
    wasm-feature-detect "^1.2.11"
    zlibjs "^0.3.1"

tr46@~0.0.3:
  version "0.0.3"
  resolved "https://registry.yarnpkg.com/tr46/-/tr46-0.0.3.tgz#8184fd347dac9cdc185992f3a6622e14b9d9ab6a"
  integrity sha512-N3WMsuqV66lT30CrXNbEjx4GEwlow3v6rr4mCcv6prnfwhS01rkgyFdjPNBYd9br7LpXV1+Emh01fHnq2Gdgrw==

wasm-feature-detect@^1.2.11:
  version "1.6.0"
  resolved "https://registry.yarnpkg.com/wasm-feature-detect/-/wasm-feature-detect-1.6.0.tgz#b69eaa4830c2e9679960dfa20f78560530214b96"
  integrity sha512-9pU2FAr7OaZarGJBU6eMg2a03gFDHhUoGCb5ob9MVT+d58eFz6eVhiXnPOO9BNoDE8KRKbuqO96cuOtUJJuekw==

webidl-conversions@^3.0.0:
  version "3.0.1"
  resolved "https://registry.yarnpkg.com/webidl-conversions/-/webidl-conversions-3.0.1.tgz#24534275e2a7bc6be7bc86611cc16ae0a5654871"
  integrity sha512-2JAn3z8AR6rjK8Sm8orRC0h/bcl/DqL7tRPdGZ4I1CjdF+EaMLmYxBHyXuKL849eucPFhvBoxMsflfOb8kxaeQ==

whatwg-url@^5.0.0:
  version "5.0.0"
  resolved "https://registry.yarnpkg.com/whatwg-url/-/whatwg-url-5.0.0.tgz#966454e8765462e37644d3626f6742ce8b70965d"
  integrity sha512-saE57nupxk6v3HY35+jzBwYa0rKSy0XR8JSxZPwgLr7ys0IBzhGviA1/TUGJLmSVqs8pb9AnvICXEuOHLprYTw==
  dependencies:
    tr46 "~0.0.3"
    webidl-conversions "^3.0.0"

zlibjs@^0.3.1:
  version "0.3.1"
  resolved "https://registry.yarnpkg.com/zlibjs/-/zlibjs-0.3.1.tgz#50197edb28a1c42ca659cc8b4e6a9ddd6d444554"
  integrity sha512-+J9RrgTKOmlxFSDHo0pI1xM6BLVUv+o0ZT9ANtCxGkjIVCCUdx9alUF8Gm+dGLKbkkkidWIHFDZHDMpfITt4+w==
